<?xml version="1.0" encoding="utf-8"?>
<Project ToolsVersion="4.0" xmlns="http://schemas.microsoft.com/developer/msbuild/2003">
  <ItemGroup>
    <Filter Include="Source Files">
      <UniqueIdentifier>{4FC737F1-C7A5-4376-A066-2A32D752A2FF}</UniqueIdentifier>
      <Extensions>cpp;c;cc;cxx;def;odl;idl;hpj;bat;asm;asmx</Extensions>
    </Filter>
    <Filter Include="Header Files">
      <UniqueIdentifier>{93995380-89BD-4b04-88EB-625FBE52EBFB}</UniqueIdentifier>
      <Extensions>h;hh;hpp;hxx;hm;inl;inc;xsd</Extensions>
    </Filter>
    <Filter Include="Resource Files">
      <UniqueIdentifier>{67DA6AB6-F800-4c08-8B7A-83BB121AAD01}</UniqueIdentifier>
      <Extensions>rc;ico;cur;bmp;dlg;rc2;rct;bin;rgs;gif;jpg;jpeg;jpe;resx;tiff;tif;png;wav;mfcribbon-ms</Extensions>
    </Filter>
  </ItemGroup>
  <ItemGroup>
    <ClCompile Include="..\..\Shadow%27s Play\Shadow%27s Play\Main.cpp">
      <Filter>Source Files</Filter>
    </ClCompile>
    <ClCompile Include="..\..\Shadow%27s Play\Shadow%27s Play\GameObject.cpp">
      <Filter>Source Files</Filter>
    </ClCompile>
    <ClCompile Include="..\..\Shadow%27s Play\Shadow%27s Play\Window.cpp">
      <Filter>Source Files</Filter>
    </ClCompile>
    <ClCompile Include="..\..\Shadow%27s Play\Shadow%27s Play\Input.cpp">
      <Filter>Source Files</Filter>
    </ClCompile>
    <ClCompile Include="..\..\Shadow%27s Play\Shadow%27s Play\Texture.cpp">
      <Filter>Source Files</Filter>
    </ClCompile>
    <ClCompile Include="..\..\Shadow%27s Play\Shadow%27s Play\Mesh.cpp">
      <Filter>Source Files</Filter>
    </ClCompile>
    <ClCompile Include="..\..\Shadow%27s Play\Shadow%27s Play\Shader.cpp">
      <Filter>Source Files</Filter>
    </ClCompile>
    <ClCompile Include="..\..\Shadow%27s Play\Shadow%27s Play\Transform.cpp">
      <Filter>Source Files</Filter>
    </ClCompile>
    <ClCompile Include="..\..\Shadow%27s Play\Shadow%27s Play\Player.cpp">
      <Filter>Source Files</Filter>
    </ClCompile>
    <ClCompile Include="..\..\Shadow%27s Play\Shadow%27s Play\SceneObject.cpp">
      <Filter>Source Files</Filter>
    </ClCompile>
    <ClCompile Include="..\..\Shadow%27s Play\Shadow%27s Play\GameStates.cpp">
      <Filter>Source Files</Filter>
    </ClCompile>
    <ClCompile Include="..\..\Shadow%27s Play\Shadow%27s Play\SpeedControl.cpp">
      <Filter>Source Files</Filter>
    </ClCompile>
    <ClCompile Include="..\..\Shadow%27s Play\Shadow%27s Play\States.cpp">
      <Filter>Source Files</Filter>
    </ClCompile>
    <ClCompile Include="..\..\Shadow%27s Play\Shadow%27s Play\Sound.cpp">
      <Filter>Source Files</Filter>
    </ClCompile>
    <ClCompile Include="..\..\Shadow%27s Play\Shadow%27s Play\FrameBufferObject.cpp">
      <Filter>Source Files</Filter>
    </ClCompile>
    <ClCompile Include="..\..\Shadow%27s Play\Shadow%27s Play\LUT.cpp">
      <Filter>Source Files</Filter>
    </ClCompile>
    <ClCompile Include="..\..\Shadow%27s Play\Shadow%27s Play\Lights.cpp">
      <Filter>Source Files</Filter>
    </ClCompile>
    <ClCompile Include="..\..\Shadow%27s Play\Shadow%27s Play\Score.cpp">
      <Filter>Source Files</Filter>
    </ClCompile>
    <ClCompile Include="..\..\..\Shadow%27s Play\Shadow%27s Play\Shadow%27s Play\DLList.cpp">
      <Filter>Source Files</Filter>
    </ClCompile>
  </ItemGroup>
  <ItemGroup>
    <ClInclude Include="..\..\Shadow%27s Play\Shadow%27s Play\GameObject.h">
      <Filter>Header Files</Filter>
    </ClInclude>
    <ClInclude Include="..\..\Shadow%27s Play\Shadow%27s Play\Shader.h">
      <Filter>Header Files</Filter>
    </ClInclude>
    <ClInclude Include="..\..\Shadow%27s Play\Shadow%27s Play\Mesh.h">
      <Filter>Header Files</Filter>
    </ClInclude>
    <ClInclude Include="..\..\Shadow%27s Play\Shadow%27s Play\Transform.h">
      <Filter>Header Files</Filter>
    </ClInclude>
    <ClInclude Include="..\..\Shadow%27s Play\Shadow%27s Play\Texture.h">
      <Filter>Header Files</Filter>
    </ClInclude>
    <ClInclude Include="..\..\Shadow%27s Play\Shadow%27s Play\Window.h">
      <Filter>Header Files</Filter>
    </ClInclude>
    <ClInclude Include="..\..\Shadow%27s Play\Shadow%27s Play\Input.h">
      <Filter>Header Files</Filter>
    </ClInclude>
    <ClInclude Include="..\..\Shadow%27s Play\Shadow%27s Play\Player.h">
      <Filter>Header Files</Filter>
    </ClInclude>
    <ClInclude Include="..\..\Shadow%27s Play\Shadow%27s Play\SceneObject.h">
      <Filter>Header Files</Filter>
    </ClInclude>
    <ClInclude Include="..\..\Shadow%27s Play\Shadow%27s Play\GameStates.h">
      <Filter>Header Files</Filter>
    </ClInclude>
    <ClInclude Include="..\..\Shadow%27s Play\Shadow%27s Play\AnimationMath.h">
      <Filter>Header Files</Filter>
    </ClInclude>
    <ClInclude Include="..\..\Shadow%27s Play\Shadow%27s Play\States.h">
      <Filter>Header Files</Filter>
    </ClInclude>
    <ClInclude Include="..\..\Shadow%27s Play\Shadow%27s Play\SpeedControl.h">
      <Filter>Header Files</Filter>
    </ClInclude>
    <ClInclude Include="..\..\Shadow%27s Play\Shadow%27s Play\Animation.h">
      <Filter>Header Files</Filter>
    </ClInclude>
    <ClInclude Include="..\..\Shadow%27s Play\Shadow%27s Play\Sound.h">
      <Filter>Header Files</Filter>
    </ClInclude>
    <ClInclude Include="..\..\Shadow%27s Play\Shadow%27s Play\FrameBufferObject.h">
      <Filter>Header Files</Filter>
    </ClInclude>
    <ClInclude Include="..\..\Shadow%27s Play\Shadow%27s Play\LUT.h">
      <Filter>Header Files</Filter>
    </ClInclude>
    <ClInclude Include="..\..\Shadow%27s Play\Shadow%27s Play\Lights.h">
      <Filter>Header Files</Filter>
    </ClInclude>
    <ClInclude Include="..\..\Shadow%27s Play\Shadow%27s Play\Score.h">
      <Filter>Header Files</Filter>
    </ClInclude>
    <ClInclude Include="..\..\..\Shadow%27s Play\Shadow%27s Play\Shadow%27s Play\DLList.h">
      <Filter>Header Files</Filter>
    </ClInclude>
  </ItemGroup>
  <ItemGroup>
    <None Include="..\..\Shadow%27s Play\assets\shaders\BasicLighting.frag">
      <Filter>Resource Files</Filter>
    </None>
    <None Include="..\..\Shadow%27s Play\assets\shaders\BloomComposite.frag">
      <Filter>Resource Files</Filter>
    </None>
    <None Include="..\..\Shadow%27s Play\assets\shaders\CelShading.frag">
      <Filter>Resource Files</Filter>
    </None>
    <None Include="..\..\Shadow%27s Play\assets\shaders\DeferredLighting.frag">
      <Filter>Resource Files</Filter>
    </None>
    <None Include="..\..\Shadow%27s Play\assets\shaders\GBuffer.frag">
      <Filter>Resource Files</Filter>
    </None>
    <None Include="..\..\Shadow%27s Play\assets\shaders\HighPass.frag">
      <Filter>Resource Files</Filter>
    </None>
    <None Include="..\..\Shadow%27s Play\assets\shaders\HorizontalBlur.frag">
      <Filter>Resource Files</Filter>
    </None>
    <None Include="..\..\Shadow%27s Play\assets\shaders\MotionBlur.frag">
      <Filter>Resource Files</Filter>
    </None>
    <None Include="..\..\Shadow%27s Play\assets\shaders\PassThrough.frag">
      <Filter>Resource Files</Filter>
    </None>
    <None Include="..\..\Shadow%27s Play\assets\shaders\PassThrough.vert">
      <Filter>Resource Files</Filter>
    </None>
    <None Include="..\..\Shadow%27s Play\assets\shaders\StaticGeometry.vert">
      <Filter>Resource Files</Filter>
    </None>
    <None Include="..\..\Shadow%27s Play\assets\shaders\UVScrolling.frag">
      <Filter>Resource Files</Filter>
    </None>
    <None Include="..\..\Shadow%27s Play\assets\shaders\VerticalBlur.frag">
      <Filter>Resource Files</Filter>
    </None>
    <None Include="..\..\Shadow%27s Play\assets\shaders\LUT.frag">
      <Filter>Resource Files</Filter>
    </None>
  </ItemGroup>
</Project>